
Microsoft Visual Studio Solution File, Format Version 12.00
# Visual Studio Version 17
VisualStudioVersion = 17.14.36212.18
MinimumVisualStudioVersion = 10.0.40219.1
Project("{2150E333-8FDC-42A3-9474-1A3956D46DE8}") = "Presentation", "Presentation", "{02EA681E-C7D8-13C7-8484-4AC65E1B71E8}"
EndProject
Project("{2150E333-8FDC-42A3-9474-1A3956D46DE8}") = "Infrastructure", "Infrastructure", "{092985F8-F77F-412B-9684-F61D14431DEB}"
EndProject
Project("{2150E333-8FDC-42A3-9474-1A3956D46DE8}") = "Core", "Core", "{461CD06A-6FE8-4A39-95E3-A3D4296BA1A6}"
EndProject
Project("{2150E333-8FDC-42A3-9474-1A3956D46DE8}") = "Persistence", "Persistence", "{34A42E15-7AD2-4EEB-A64E-1B2B344057CC}"
EndProject
Project("{FAE04EC0-301F-11D3-BF4B-00C04F79EFBC}") = "LMSWebAppClean.Persistence", "Infarstructure\Persistence\LMSWebAppClean.Persistence\LMSWebAppClean.Persistence.csproj", "{4C2336EF-E6B6-4FE1-B4E7-A4A703170F76}"
EndProject
Project("{2150E333-8FDC-42A3-9474-1A3956D46DE8}") = "Application", "Application", "{ADCE16E9-9432-48F4-9218-42D014B7EEDF}"
EndProject
Project("{2150E333-8FDC-42A3-9474-1A3956D46DE8}") = "Domain", "Domain", "{61F2E974-74AC-40F0-8ABC-F100543454B7}"
EndProject
Project("{FAE04EC0-301F-11D3-BF4B-00C04F79EFBC}") = "LMSWebAppClean.Domain", "Core\Domain\LMSWebAppClean.Domain\LMSWebAppClean.Domain.csproj", "{038A4161-F17D-4779-A435-24AEE1CC3177}"
EndProject
Project("{FAE04EC0-301F-11D3-BF4B-00C04F79EFBC}") = "LMSWebAppClean.Application", "Core\Application\LMSWebAppClean.Application\LMSWebAppClean.Application.csproj", "{CBBFD6CC-2755-4F48-BD9A-219F3A336D74}"
EndProject
Project("{2150E333-8FDC-42A3-9474-1A3956D46DE8}") = "Identity", "Identity", "{496FCB9E-D45D-4706-A7B3-2E3755884806}"
EndProject
Project("{2150E333-8FDC-42A3-9474-1A3956D46DE8}") = "Utils", "Utils", "{CAC5D0D7-1CAB-4F64-9E66-824EEFFEBC22}"
EndProject
Project("{FAE04EC0-301F-11D3-BF4B-00C04F79EFBC}") = "LMSWebAppClean.Identity", "Infarstructure\Identity\LMSWebAppClean.Identity\LMSWebAppClean.Identity.csproj", "{210FB2A6-9140-414C-ABCC-1862BBFD2043}"
EndProject
Project("{FAE04EC0-301F-11D3-BF4B-00C04F79EFBC}") = "LMSWebAppClean.Utils", "Infarstructure\Utils\LMSWebAppClean.Utils\LMSWebAppClean.Utils.csproj", "{CA0F422D-5A11-43D6-99BF-5E5A11FD1DFD}"
EndProject
Project("{FAE04EC0-301F-11D3-BF4B-00C04F79EFBC}") = "LMSWebAppClean.API", "Presentation\LMSWebAppClean.API\LMSWebAppClean.API.csproj", "{3BF547B5-6D59-4C77-80EC-ABA0CB114617}"
EndProject
Global
	GlobalSection(SolutionConfigurationPlatforms) = preSolution
		Debug|Any CPU = Debug|Any CPU
		Release|Any CPU = Release|Any CPU
	EndGlobalSection
	GlobalSection(ProjectConfigurationPlatforms) = postSolution
		{4C2336EF-E6B6-4FE1-B4E7-A4A703170F76}.Debug|Any CPU.ActiveCfg = Debug|Any CPU
		{4C2336EF-E6B6-4FE1-B4E7-A4A703170F76}.Debug|Any CPU.Build.0 = Debug|Any CPU
		{4C2336EF-E6B6-4FE1-B4E7-A4A703170F76}.Release|Any CPU.ActiveCfg = Release|Any CPU
		{4C2336EF-E6B6-4FE1-B4E7-A4A703170F76}.Release|Any CPU.Build.0 = Release|Any CPU
		{038A4161-F17D-4779-A435-24AEE1CC3177}.Debug|Any CPU.ActiveCfg = Debug|Any CPU
		{038A4161-F17D-4779-A435-24AEE1CC3177}.Debug|Any CPU.Build.0 = Debug|Any CPU
		{038A4161-F17D-4779-A435-24AEE1CC3177}.Release|Any CPU.ActiveCfg = Release|Any CPU
		{038A4161-F17D-4779-A435-24AEE1CC3177}.Release|Any CPU.Build.0 = Release|Any CPU
		{CBBFD6CC-2755-4F48-BD9A-219F3A336D74}.Debug|Any CPU.ActiveCfg = Debug|Any CPU
		{CBBFD6CC-2755-4F48-BD9A-219F3A336D74}.Debug|Any CPU.Build.0 = Debug|Any CPU
		{CBBFD6CC-2755-4F48-BD9A-219F3A336D74}.Release|Any CPU.ActiveCfg = Release|Any CPU
		{CBBFD6CC-2755-4F48-BD9A-219F3A336D74}.Release|Any CPU.Build.0 = Release|Any CPU
		{210FB2A6-9140-414C-ABCC-1862BBFD2043}.Debug|Any CPU.ActiveCfg = Debug|Any CPU
		{210FB2A6-9140-414C-ABCC-1862BBFD2043}.Debug|Any CPU.Build.0 = Debug|Any CPU
		{210FB2A6-9140-414C-ABCC-1862BBFD2043}.Release|Any CPU.ActiveCfg = Release|Any CPU
		{210FB2A6-9140-414C-ABCC-1862BBFD2043}.Release|Any CPU.Build.0 = Release|Any CPU
		{CA0F422D-5A11-43D6-99BF-5E5A11FD1DFD}.Debug|Any CPU.ActiveCfg = Debug|Any CPU
		{CA0F422D-5A11-43D6-99BF-5E5A11FD1DFD}.Debug|Any CPU.Build.0 = Debug|Any CPU
		{CA0F422D-5A11-43D6-99BF-5E5A11FD1DFD}.Release|Any CPU.ActiveCfg = Release|Any CPU
		{CA0F422D-5A11-43D6-99BF-5E5A11FD1DFD}.Release|Any CPU.Build.0 = Release|Any CPU
		{3BF547B5-6D59-4C77-80EC-ABA0CB114617}.Debug|Any CPU.ActiveCfg = Debug|Any CPU
		{3BF547B5-6D59-4C77-80EC-ABA0CB114617}.Debug|Any CPU.Build.0 = Debug|Any CPU
		{3BF547B5-6D59-4C77-80EC-ABA0CB114617}.Release|Any CPU.ActiveCfg = Release|Any CPU
		{3BF547B5-6D59-4C77-80EC-ABA0CB114617}.Release|Any CPU.Build.0 = Release|Any CPU
	EndGlobalSection
	GlobalSection(SolutionProperties) = preSolution
		HideSolutionNode = FALSE
	EndGlobalSection
	GlobalSection(NestedProjects) = preSolution
		{34A42E15-7AD2-4EEB-A64E-1B2B344057CC} = {092985F8-F77F-412B-9684-F61D14431DEB}
		{4C2336EF-E6B6-4FE1-B4E7-A4A703170F76} = {34A42E15-7AD2-4EEB-A64E-1B2B344057CC}
		{ADCE16E9-9432-48F4-9218-42D014B7EEDF} = {461CD06A-6FE8-4A39-95E3-A3D4296BA1A6}
		{61F2E974-74AC-40F0-8ABC-F100543454B7} = {461CD06A-6FE8-4A39-95E3-A3D4296BA1A6}
		{038A4161-F17D-4779-A435-24AEE1CC3177} = {61F2E974-74AC-40F0-8ABC-F100543454B7}
		{CBBFD6CC-2755-4F48-BD9A-219F3A336D74} = {ADCE16E9-9432-48F4-9218-42D014B7EEDF}
		{496FCB9E-D45D-4706-A7B3-2E3755884806} = {092985F8-F77F-412B-9684-F61D14431DEB}
		{CAC5D0D7-1CAB-4F64-9E66-824EEFFEBC22} = {092985F8-F77F-412B-9684-F61D14431DEB}
		{210FB2A6-9140-414C-ABCC-1862BBFD2043} = {496FCB9E-D45D-4706-A7B3-2E3755884806}
		{CA0F422D-5A11-43D6-99BF-5E5A11FD1DFD} = {CAC5D0D7-1CAB-4F64-9E66-824EEFFEBC22}
		{3BF547B5-6D59-4C77-80EC-ABA0CB114617} = {02EA681E-C7D8-13C7-8484-4AC65E1B71E8}
	EndGlobalSection
	GlobalSection(ExtensibilityGlobals) = postSolution
		SolutionGuid = {0ED2B7A8-6ED4-45E1-A51B-DA29BA1EA38D}
	EndGlobalSection
EndGlobal
